
Microsoft Visual Studio Solution File, Format Version 12.00
# Visual Studio 2013
VisualStudioVersion = 12.0.31101.0
MinimumVisualStudioVersion = 10.0.40219.1
Project("{FAE04EC0-301F-11D3-BF4B-00C04F79EFBC}") = "NHibernate.Property.Expression", "NHibernate.Property.Expression\NHibernate.Property.Expression.csproj", "{2B4A8DFC-6606-456B-B231-677E60D68B86}"
EndProject
Project("{FAE04EC0-301F-11D3-BF4B-00C04F79EFBC}") = "NHibernate.Property.Expressions.Tests", "NHibernate.Property.Expressions.Tests\NHibernate.Property.Expressions.Tests.csproj", "{2668B590-327B-428D-B983-1A28143B2690}"
EndProject
Global
	GlobalSection(SolutionConfigurationPlatforms) = preSolution
		Debug|Any CPU = Debug|Any CPU
		Release|Any CPU = Release|Any CPU
	EndGlobalSection
	GlobalSection(ProjectConfigurationPlatforms) = postSolution
		{2B4A8DFC-6606-456B-B231-677E60D68B86}.Debug|Any CPU.ActiveCfg = Debug|Any CPU
		{2B4A8DFC-6606-456B-B231-677E60D68B86}.Debug|Any CPU.Build.0 = Debug|Any CPU
		{2B4A8DFC-6606-456B-B231-677E60D68B86}.Release|Any CPU.ActiveCfg = Release|Any CPU
		{2B4A8DFC-6606-456B-B231-677E60D68B86}.Release|Any CPU.Build.0 = Release|Any CPU
		{2668B590-327B-428D-B983-1A28143B2690}.Debug|Any CPU.ActiveCfg = Debug|Any CPU
		{2668B590-327B-428D-B983-1A28143B2690}.Debug|Any CPU.Build.0 = Debug|Any CPU
		{2668B590-327B-428D-B983-1A28143B2690}.Release|Any CPU.ActiveCfg = Release|Any CPU
		{2668B590-327B-428D-B983-1A28143B2690}.Release|Any CPU.Build.0 = Release|Any CPU
	EndGlobalSection
	GlobalSection(SolutionProperties) = preSolution
		HideSolutionNode = FALSE
	EndGlobalSection
EndGlobal
